
Microsoft Visual Studio Solution File, Format Version 12.00
# Visual Studio Version 17
VisualStudioVersion = 17.1.32328.378
MinimumVisualStudioVersion = 10.0.40219.1
Project("{9A19103F-16F7-4668-BE54-9A1E7A4F7556}") = "MicroRenameWpf", "MicroRenameWpf\MicroRenameWpf.csproj", "{F3AA8F84-AEAB-4B33-801E-8A96251ADB6F}"
EndProject
Project("{9A19103F-16F7-4668-BE54-9A1E7A4F7556}") = "MicroRenameLogic", "MicroRenameLogic\MicroRenameLogic.csproj", "{290B4EB4-5D08-423F-B1C5-D00718E263BF}"
EndProject
Project("{9A19103F-16F7-4668-BE54-9A1E7A4F7556}") = "CSX.Wpf.CustomControls.NumericUpDown", "CSX.Wpf.NumericUpDown\CSX.Wpf.CustomControls.NumericUpDown.csproj", "{8736B0E5-303A-4441-A7D5-6C824FB30D3D}"
EndProject
Project("{9A19103F-16F7-4668-BE54-9A1E7A4F7556}") = "MRTests", "MRTests\MRTests.csproj", "{F7220069-4A7B-4BD1-ADA3-BE77678A29FF}"
EndProject
Project("{FAE04EC0-301F-11D3-BF4B-00C04F79EFBC}") = "CSX.Wpf.Modals", "CSX.Wpf.Modals\CSX.Wpf.Modals.csproj", "{ABA2446E-91E1-47D9-AADC-006D3D2097A2}"
EndProject
Project("{FAE04EC0-301F-11D3-BF4B-00C04F79EFBC}") = "CSX.Internals.Shared", "CSX.Internals.Shared\CSX.Internals.Shared.csproj", "{564E4C50-5C88-46E7-88BB-54838C500533}"
EndProject
Global
	GlobalSection(SolutionConfigurationPlatforms) = preSolution
		Debug|Any CPU = Debug|Any CPU
		Release|Any CPU = Release|Any CPU
	EndGlobalSection
	GlobalSection(ProjectConfigurationPlatforms) = postSolution
		{F3AA8F84-AEAB-4B33-801E-8A96251ADB6F}.Debug|Any CPU.ActiveCfg = Debug|Any CPU
		{F3AA8F84-AEAB-4B33-801E-8A96251ADB6F}.Debug|Any CPU.Build.0 = Debug|Any CPU
		{F3AA8F84-AEAB-4B33-801E-8A96251ADB6F}.Release|Any CPU.ActiveCfg = Release|Any CPU
		{F3AA8F84-AEAB-4B33-801E-8A96251ADB6F}.Release|Any CPU.Build.0 = Release|Any CPU
		{290B4EB4-5D08-423F-B1C5-D00718E263BF}.Debug|Any CPU.ActiveCfg = Debug|Any CPU
		{290B4EB4-5D08-423F-B1C5-D00718E263BF}.Debug|Any CPU.Build.0 = Debug|Any CPU
		{290B4EB4-5D08-423F-B1C5-D00718E263BF}.Release|Any CPU.ActiveCfg = Release|Any CPU
		{290B4EB4-5D08-423F-B1C5-D00718E263BF}.Release|Any CPU.Build.0 = Release|Any CPU
		{8736B0E5-303A-4441-A7D5-6C824FB30D3D}.Debug|Any CPU.ActiveCfg = Debug|Any CPU
		{8736B0E5-303A-4441-A7D5-6C824FB30D3D}.Debug|Any CPU.Build.0 = Debug|Any CPU
		{8736B0E5-303A-4441-A7D5-6C824FB30D3D}.Release|Any CPU.ActiveCfg = Release|Any CPU
		{8736B0E5-303A-4441-A7D5-6C824FB30D3D}.Release|Any CPU.Build.0 = Release|Any CPU
		{F7220069-4A7B-4BD1-ADA3-BE77678A29FF}.Debug|Any CPU.ActiveCfg = Debug|Any CPU
		{F7220069-4A7B-4BD1-ADA3-BE77678A29FF}.Debug|Any CPU.Build.0 = Debug|Any CPU
		{F7220069-4A7B-4BD1-ADA3-BE77678A29FF}.Release|Any CPU.ActiveCfg = Release|Any CPU
		{F7220069-4A7B-4BD1-ADA3-BE77678A29FF}.Release|Any CPU.Build.0 = Release|Any CPU
		{ABA2446E-91E1-47D9-AADC-006D3D2097A2}.Debug|Any CPU.ActiveCfg = Debug|Any CPU
		{ABA2446E-91E1-47D9-AADC-006D3D2097A2}.Debug|Any CPU.Build.0 = Debug|Any CPU
		{ABA2446E-91E1-47D9-AADC-006D3D2097A2}.Release|Any CPU.ActiveCfg = Release|Any CPU
		{ABA2446E-91E1-47D9-AADC-006D3D2097A2}.Release|Any CPU.Build.0 = Release|Any CPU
		{564E4C50-5C88-46E7-88BB-54838C500533}.Debug|Any CPU.ActiveCfg = Debug|Any CPU
		{564E4C50-5C88-46E7-88BB-54838C500533}.Debug|Any CPU.Build.0 = Debug|Any CPU
		{564E4C50-5C88-46E7-88BB-54838C500533}.Release|Any CPU.ActiveCfg = Release|Any CPU
		{564E4C50-5C88-46E7-88BB-54838C500533}.Release|Any CPU.Build.0 = Release|Any CPU
	EndGlobalSection
	GlobalSection(SolutionProperties) = preSolution
		HideSolutionNode = FALSE
	EndGlobalSection
	GlobalSection(ExtensibilityGlobals) = postSolution
		SolutionGuid = {A3E1E64C-E5C8-425A-B4EA-BFCFCD0D327B}
	EndGlobalSection
EndGlobal
